// !$*UTF8*$!
{
	archiveVersion = 1;
	classes = {
	};
	objectVersion = 50;
	objects = {

/* Begin PBXBuildFile section */
		EB23906321E6E2E300365269 /* AppDelegate.swift in Sources */ = {isa = PBXBuildFile; fileRef = EB23906221E6E2E300365269 /* AppDelegate.swift */; };
		EB23906521E6E2E300365269 /* ViewController.swift in Sources */ = {isa = PBXBuildFile; fileRef = EB23906421E6E2E300365269 /* ViewController.swift */; };
		EB23906821E6E2E300365269 /* Main.storyboard in Resources */ = {isa = PBXBuildFile; fileRef = EB23906621E6E2E300365269 /* Main.storyboard */; };
		EB23906A21E6E2E400365269 /* Assets.xcassets in Resources */ = {isa = PBXBuildFile; fileRef = EB23906921E6E2E400365269 /* Assets.xcassets */; };
		EB23906D21E6E2E400365269 /* LaunchScreen.storyboard in Resources */ = {isa = PBXBuildFile; fileRef = EB23906B21E6E2E400365269 /* LaunchScreen.storyboard */; };
		EB23907921E6E35E00365269 /* Future Islands - Tin Man.mp3 in Resources */ = {isa = PBXBuildFile; fileRef = EB23907621E6E35E00365269 /* Future Islands - Tin Man.mp3 */; };
/* End PBXBuildFile section */

/* Begin PBXFileReference section */
		EB23905F21E6E2E300365269 /* IOSPlayMusicAVAudioPlayerTutorial.app */ = {isa = PBXFileReference; explicitFileType = wrapper.application; includeInIndex = 0; path = IOSPlayMusicAVAudioPlayerTutorial.app; sourceTree = BUILT_PRODUCTS_DIR; };
		EB23906221E6E2E300365269 /* AppDelegate.swift */ = {isa = PBXFileReference; lastKnownFileType = sourcecode.swift; path = AppDelegate.swift; sourceTree = "<group>"; };
		EB23906421E6E2E300365269 /* ViewController.swift */ = {isa = PBXFileReference; lastKnownFileType = sourcecode.swift; path = ViewController.swift; sourceTree = "<group>"; };
		EB23906721E6E2E300365269 /* Base */ = {isa = PBXFileReference; lastKnownFileType = file.storyboard; name = Base; path = Base.lproj/Main.storyboard; sourceTree = "<group>"; };
		EB23906921E6E2E400365269 /* Assets.xcassets */ = {isa = PBXFileReference; lastKnownFileType = folder.assetcatalog; path = Assets.xcassets; sourceTree = "<group>"; };
		EB23906C21E6E2E400365269 /* Base */ = {isa = PBXFileReference; lastKnownFileType = file.storyboard; name = Base; path = Base.lproj/LaunchScreen.storyboard; sourceTree = "<group>"; };
		EB23906E21E6E2E400365269 /* Info.plist */ = {isa = PBXFileReference; lastKnownFileType = text.plist.xml; path = Info.plist; sourceTree = "<group>"; };
		EB23907621E6E35E00365269 /* Future Islands - Tin Man.mp3 */ = {isa = PBXFileReference; lastKnownFileType = audio.mp3; path = "Future Islands - Tin Man.mp3"; sourceTree = "<group>"; };
/* End PBXFileReference section */

/* Begin PBXFrameworksBuildPhase section */
		EB23905C21E6E2E300365269 /* Frameworks */ = {
			isa = PBXFrameworksBuildPhase;
			buildActionMask = 2147483647;
			files = (
			);
			runOnlyForDeploymentPostprocessing = 0;
		};
/* End PBXFrameworksBuildPhase section */

/* Begin PBXGroup section */
		EB23905621E6E2E200365269 = {
			isa = PBXGroup;
			children = (
				EB23906121E6E2E300365269 /* IOSPlayMusicAVAudioPlayerTutorial */,
				EB23906021E6E2E300365269 /* Products */,
			);
			sourceTree = "<group>";
		};
		EB23906021E6E2E300365269 /* Products */ = {
			isa = PBXGroup;
			children = (
				EB23905F21E6E2E300365269 /* IOSPlayMusicAVAudioPlayerTutorial.app */,
			);
			name = Products;
			sourceTree = "<group>";
		};
		EB23906121E6E2E300365269 /* IOSPlayMusicAVAudioPlayerTutorial */ = {
			isa = PBXGroup;
			children = (
				EB23906221E6E2E300365269 /* AppDelegate.swift */,
				EB23906421E6E2E300365269 /* ViewController.swift */,
				EB23906621E6E2E300365269 /* Main.storyboard */,
				EB23906921E6E2E400365269 /* Assets.xcassets */,
				EB23907621E6E35E00365269 /* Future Islands - Tin Man.mp3 */,
				EB23906B21E6E2E400365269 /* LaunchScreen.storyboard */,
				EB23906E21E6E2E400365269 /* Info.plist */,
			);
			path = IOSPlayMusicAVAudioPlayerTutorial;
			sourceTree = "<group>";
		};
/* End PBXGroup section */

/* Begin PBXNativeTarget section */
		EB23905E21E6E2E300365269 /* IOSPlayMusicAVAudioPlayerTutorial */ = {
			isa = PBXNativeTarget;
			buildConfigurationList = EB23907121E6E2E400365269 /* Build configuration list for PBXNativeTarget "IOSPlayMusicAVAudioPlayerTutorial" */;
			buildPhases = (
				EB23905B21E6E2E300365269 /* Sources */,
				EB23905C21E6E2E300365269 /* Frameworks */,
				EB23905D21E6E2E300365269 /* Resources */,
			);
			buildRules = (
			);
			dependencies = (
			);
			name = IOSPlayMusicAVAudioPlayerTutorial;
			productName = IOSPlayMusicAVAudioPlayerTutorial;
			productReference = EB23905F21E6E2E300365269 /* IOSPlayMusicAVAudioPlayerTutorial.app */;
			productType = "com.apple.product-type.application";
		};
/* End PBXNativeTarget section */

/* Begin PBXProject section */
		EB23905721E6E2E200365269 /* Project object */ = {
			isa = PBXProject;
			attributes = {
				LastSwiftUpdateCheck = 1010;
				LastUpgradeCheck = 1010;
				ORGANIZATIONNAME = "邹俊";
				TargetAttributes = {
					EB23905E21E6E2E300365269 = {
						CreatedOnToolsVersion = 10.1;
					};
				};
			};
			buildConfigurationList = EB23905A21E6E2E200365269 /* Build configuration list for PBXProject "IOSPlayMusicAVAudioPlayerTutorial" */;
			compatibilityVersion = "Xcode 9.3";
			developmentRegion = en;
			hasScannedForEncodings = 0;
			knownRegions = (
				en,
				Base,
			);
			mainGroup = EB23905621E6E2E200365269;
			productRefGroup = EB23906021E6E2E300365269 /* Products */;
			projectDirPath = "";
			projectRoot = "";
			targets = (
				EB23905E21E6E2E300365269 /* IOSPlayMusicAVAudioPlayerTutorial */,
			);
		};
/* End PBXProject section */

/* Begin PBXResourcesBuildPhase section */
		EB23905D21E6E2E300365269 /* Resources */ = {
			isa = PBXResourcesBuildPhase;
			buildActionMask = 2147483647;
			files = (
				EB23906D21E6E2E400365269 /* LaunchScreen.storyboard in Resources */,
				EB23906A21E6E2E400365269 /* Assets.xcassets in Resources */,
				EB23906821E6E2E300365269 /* Main.storyboard in Resources */,
				EB23907921E6E35E00365269 /* Future Islands - Tin Man.mp3 in Resources */,
			);
			runOnlyForDeploymentPostprocessing = 0;
		};
/* End PBXResourcesBuildPhase section */

/* Begin PBXSourcesBuildPhase section */
		EB23905B21E6E2E300365269 /* Sources */ = {
			isa = PBXSourcesBuildPhase;
			buildActionMask = 2147483647;
			files = (
				EB23906521E6E2E300365269 /* ViewController.swift in Sources */,
				EB23906321E6E2E300365269 /* AppDelegate.swift in Sources */,
			);
			runOnlyForDeploymentPostprocessing = 0;
		};
/* End PBXSourcesBuildPhase section */

/* Begin PBXVariantGroup section */
		EB23906621E6E2E300365269 /* Main.storyboard */ = {
			isa = PBXVariantGroup;
			children = (
				EB23906721E6E2E300365269 /* Base */,
			);
			name = Main.storyboard;
			sourceTree = "<group>";
		};
		EB23906B21E6E2E400365269 /* LaunchScreen.storyboard */ = {
			isa = PBXVariantGroup;
			children = (
				EB23906C21E6E2E400365269 /* Base */,
			);
			name = LaunchScreen.storyboard;
			sourceTree = "<group>";
		};
/* End PBXVariantGroup section */

/* Begin XCBuildConfiguration section */
		EB23906F21E6E2E400365269 /* Debug */ = {
			isa = XCBuildConfiguration;
			buildSettings = {
				ALWAYS_SEARCH_USER_PATHS = NO;
				CLANG_ANALYZER_NONNULL = YES;
				CLANG_ANALYZER_NUMBER_OBJECT_CONVERSION = YES_AGGRESSIVE;
				CLANG_CXX_LANGUAGE_STANDARD = "gnu++14";
				CLANG_CXX_LIBRARY = "libc++";
				CLANG_ENABLE_MODULES = YES;
				CLANG_ENABLE_OBJC_ARC = YES;
				CLANG_ENABLE_OBJC_WEAK = YES;
				CLANG_WARN_BLOCK_CAPTURE_AUTORELEASING = YES;
				CLANG_WARN_BOOL_CONVERSION = YES;
				CLANG_WARN_COMMA = YES;
				CLANG_WARN_CONSTANT_CONVERSION = YES;
				CLANG_WARN_DEPRECATED_OBJC_IMPLEMENTATIONS = YES;
				CLANG_WARN_DIRECT_OBJC_ISA_USAGE = YES_ERROR;
				CLANG_WARN_DOCUMENTATION_COMMENTS = YES;
				CLANG_WARN_EMPTY_BODY = YES;
				CLANG_WARN_ENUM_CONVERSION = YES;
				CLANG_WARN_INFINITE_RECURSION = YES;
				CLANG_WARN_INT_CONVERSION = YES;
				CLANG_WARN_NON_LITERAL_NULL_CONVERSION = YES;
				CLANG_WARN_OBJC_IMPLICIT_RETAIN_SELF = YES;
				CLANG_WARN_OBJC_LITERAL_CONVERSION = YES;
				CLANG_WARN_OBJC_ROOT_CLASS = YES_ERROR;
				CLANG_WARN_RANGE_LOOP_ANALYSIS = YES;
				CLANG_WARN_STRICT_PROTOTYPES = YES;
				CLANG_WARN_SUSPICIOUS_MOVE = YES;
				CLANG_WARN_UNGUARDED_AVAILABILITY = YES_AGGRESSIVE;
				CLANG_WARN_UNREACHABLE_CODE = YES;
				CLANG_WARN__DUPLICATE_METHOD_MATCH = YES;
				CODE_SIGN_IDENTITY = "iPhone Developer";
				COPY_PHASE_STRIP = NO;
				DEBUG_INFORMATION_FORMAT = dwarf;
				ENABLE_STRICT_OBJC_MSGSEND = YES;
				ENABLE_TESTABILITY = YES;
				GCC_C_LANGUAGE_STANDARD = gnu11;
				GCC_DYNAMIC_NO_PIC = NO;
				GCC_NO_COMMON_BLOCKS = YES;
				GCC_OPTIMIZATION_LEVEL = 0;
				GCC_PREPROCESSOR_DEFINITIONS = (
					"DEBUG=1",
					"$(inherited)",
				);
				GCC_WARN_64_TO_32_BIT_CONVERSION = YES;
				GCC_WARN_ABOUT_RETURN_TYPE = YES_ERROR;
				GCC_WARN_UNDECLARED_SELECTOR = YES;
				GCC_WARN_UNINITIALIZED_AUTOS = YES_AGGRESSIVE;
				GCC_WARN_UNUSED_FUNCTION = YES;
				GCC_WARN_UNUSED_VARIABLE = YES;
				IPHONEOS_DEPLOYMENT_TARGET = 12.1;
				MTL_ENABLE_DEBUG_INFO = INCLUDE_SOURCE;
				MTL_FAST_MATH = YES;
				ONLY_ACTIVE_ARCH = YES;
				SDKROOT = iphoneos;
				SWIFT_ACTIVE_COMPILATION_CONDITIONS = DEBUG;
				SWIFT_OPTIMIZATION_LEVEL = "-Onone";
			};
			name = Debug;
		};
		EB23907021E6E2E400365269 /* Release */ = {
			isa = XCBuildConfiguration;
			buildSettings = {
				ALWAYS_SEARCH_USER_PATHS = NO;
				CLANG_ANALYZER_NONNULL = YES;
				CLANG_ANALYZER_NUMBER_OBJECT_CONVERSION = YES_AGGRESSIVE;
				CLANG_CXX_LANGUAGE_STANDARD = "gnu++14";
				CLANG_CXX_LIBRARY = "libc++";
				CLANG_ENABLE_MODULES = YES;
				CLANG_ENABLE_OBJC_ARC = YES;
				CLANG_ENABLE_OBJC_WEAK = YES;
				CLANG_WARN_BLOCK_CAPTURE_AUTORELEASING = YES;
				CLANG_WARN_BOOL_CONVERSION = YES;
				CLANG_WARN_COMMA = YES;
				CLANG_WARN_CONSTANT_CONVERSION = YES;
				CLANG_WARN_DEPRECATED_OBJC_IMPLEMENTATIONS = YES;
				CLANG_WARN_DIRECT_OBJC_ISA_USAGE = YES_ERROR;
				CLANG_WARN_DOCUMENTATION_COMMENTS = YES;
				CLANG_WARN_EMPTY_BODY = YES;
				CLANG_WARN_ENUM_CONVERSION = YES;
				CLANG_WARN_INFINITE_RECURSION = YES;
				CLANG_WARN_INT_CONVERSION = YES;
				CLANG_WARN_NON_LITERAL_NULL_CONVERSION = YES;
				CLANG_WARN_OBJC_IMPLICIT_RETAIN_SELF = YES;
				CLANG_WARN_OBJC_LITERAL_CONVERSION = YES;
				CLANG_WARN_OBJC_ROOT_CLASS = YES_ERROR;
				CLANG_WARN_RANGE_LOOP_ANALYSIS = YES;
				CLANG_WARN_STRICT_PROTOTYPES = YES;
				CLANG_WARN_SUSPICIOUS_MOVE = YES;
				CLANG_WARN_UNGUARDED_AVAILABILITY = YES_AGGRESSIVE;
				CLANG_WARN_UNREACHABLE_CODE = YES;
				CLANG_WARN__DUPLICATE_METHOD_MATCH = YES;
				CODE_SIGN_IDENTITY = "iPhone Developer";
				COPY_PHASE_STRIP = NO;
				DEBUG_INFORMATION_FORMAT = "dwarf-with-dsym";
				ENABLE_NS_ASSERTIONS = NO;
				ENABLE_STRICT_OBJC_MSGSEND = YES;
				GCC_C_LANGUAGE_STANDARD = gnu11;
				GCC_NO_COMMON_BLOCKS = YES;
				GCC_WARN_64_TO_32_BIT_CONVERSION = YES;
				GCC_WARN_ABOUT_RETURN_TYPE = YES_ERROR;
				GCC_WARN_UNDECLARED_SELECTOR = YES;
				GCC_WARN_UNINITIALIZED_AUTOS = YES_AGGRESSIVE;
				GCC_WARN_UNUSED_FUNCTION = YES;
				GCC_WARN_UNUSED_VARIABLE = YES;
				IPHONEOS_DEPLOYMENT_TARGET = 12.1;
				MTL_ENABLE_DEBUG_INFO = NO;
				MTL_FAST_MATH = YES;
				SDKROOT = iphoneos;
				SWIFT_COMPILATION_MODE = wholemodule;
				SWIFT_OPTIMIZATION_LEVEL = "-O";
				VALIDATE_PRODUCT = YES;
			};
			name = Release;
		};
		EB23907221E6E2E400365269 /* Debug */ = {
			isa = XCBuildConfiguration;
			buildSettings = {
				ASSETCATALOG_COMPILER_APPICON_NAME = AppIcon;
				CODE_SIGN_STYLE = Manual;
				DEVELOPMENT_TEAM = "";
				INFOPLIST_FILE = IOSPlayMusicAVAudioPlayerTutorial/Info.plist;
				LD_RUNPATH_SEARCH_PATHS = (
					"$(inherited)",
					"@executable_path/Frameworks",
				);
				PRODUCT_BUNDLE_IDENTIFIER = com.jojo.IOSPlayMusicAVAudioPlayerTutorial;
				PRODUCT_NAME = "$(TARGET_NAME)";
				PROVISIONING_PROFILE_SPECIFIER = "";
				SWIFT_VERSION = 4.2;
				TARGETED_DEVICE_FAMILY = "1,2";
			};
			name = Debug;
		};
		EB23907321E6E2E400365269 /* Release */ = {
			isa = XCBuildConfiguration;
			buildSettings = {
				ASSETCATALOG_COMPILER_APPICON_NAME = AppIcon;
				CODE_SIGN_STYLE = Manual;
				DEVELOPMENT_TEAM = "";
				INFOPLIST_FILE = IOSPlayMusicAVAudioPlayerTutorial/Info.plist;
				LD_RUNPATH_SEARCH_PATHS = (
					"$(inherited)",
					"@executable_path/Frameworks",
				);
				PRODUCT_BUNDLE_IDENTIFIER = com.jojo.IOSPlayMusicAVAudioPlayerTutorial;
				PRODUCT_NAME = "$(TARGET_NAME)";
				PROVISIONING_PROFILE_SPECIFIER = "";
				SWIFT_VERSION = 4.2;
				TARGETED_DEVICE_FAMILY = "1,2";
			};
			name = Release;
		};
/* End XCBuildConfiguration section */

/* Begin XCConfigurationList section */
		EB23905A21E6E2E200365269 /* Build configuration list for PBXProject "IOSPlayMusicAVAudioPlayerTutorial" */ = {
			isa = XCConfigurationList;
			buildConfigurations = (
				EB23906F21E6E2E400365269 /* Debug */,
				EB23907021E6E2E400365269 /* Release */,
			);
			defaultConfigurationIsVisible = 0;
			defaultConfigurationName = Release;
		};
		EB23907121E6E2E400365269 /* Build configuration list for PBXNativeTarget "IOSPlayMusicAVAudioPlayerTutorial" */ = {
			isa = XCConfigurationList;
			buildConfigurations = (
				EB23907221E6E2E400365269 /* Debug */,
				EB23907321E6E2E400365269 /* Release */,
			);
			defaultConfigurationIsVisible = 0;
			defaultConfigurationName = Release;
		};
/* End XCConfigurationList section */
	};
	rootObject = EB23905721E6E2E200365269 /* Project object */;
}
