// !$*UTF8*$!
{
	archiveVersion = 1;
	classes = {
	};
	objectVersion = 50;
	objects = {

/* Begin PBXBuildFile section */
		AC5CE83F80F7359409C43B6C /* Pods_U17.framework in Frameworks */ = {isa = PBXBuildFile; fileRef = FDC8C3A0741479D32678EF08 /* Pods_U17.framework */; };
		EBAE7017238FB39C0015EB01 /* AppDelegate.swift in Sources */ = {isa = PBXBuildFile; fileRef = EBAE7015238FB39C0015EB01 /* AppDelegate.swift */; };
		EBAE7018238FB39C0015EB01 /* SceneDelegate.swift in Sources */ = {isa = PBXBuildFile; fileRef = EBAE7016238FB39C0015EB01 /* SceneDelegate.swift */; };
		EBAE7023238FB3AD0015EB01 /* LaunchScreen.storyboard in Resources */ = {isa = PBXBuildFile; fileRef = EBAE701B238FB3AD0015EB01 /* LaunchScreen.storyboard */; };
		EBAE7025238FB3AD0015EB01 /* Info.plist in Resources */ = {isa = PBXBuildFile; fileRef = EBAE701F238FB3AD0015EB01 /* Info.plist */; };
		EBAE7026238FB3AD0015EB01 /* Assets.xcassets in Resources */ = {isa = PBXBuildFile; fileRef = EBAE7022238FB3AD0015EB01 /* Assets.xcassets */; };
		EBAE7028238FB6EE0015EB01 /* UTabbarController.swift in Sources */ = {isa = PBXBuildFile; fileRef = EBAE7027238FB6EE0015EB01 /* UTabbarController.swift */; };
/* End PBXBuildFile section */

/* Begin PBXFileReference section */
		342A88D6EB8175186AB37BF8 /* Pods-U17.release.xcconfig */ = {isa = PBXFileReference; includeInIndex = 1; lastKnownFileType = text.xcconfig; name = "Pods-U17.release.xcconfig"; path = "Target Support Files/Pods-U17/Pods-U17.release.xcconfig"; sourceTree = "<group>"; };
		555427B6F6BD65F827604EB3 /* Pods-U17.debug.xcconfig */ = {isa = PBXFileReference; includeInIndex = 1; lastKnownFileType = text.xcconfig; name = "Pods-U17.debug.xcconfig"; path = "Target Support Files/Pods-U17/Pods-U17.debug.xcconfig"; sourceTree = "<group>"; };
		EBAE6FFD238FB08F0015EB01 /* U17.app */ = {isa = PBXFileReference; explicitFileType = wrapper.application; includeInIndex = 0; path = U17.app; sourceTree = BUILT_PRODUCTS_DIR; };
		EBAE7015238FB39C0015EB01 /* AppDelegate.swift */ = {isa = PBXFileReference; fileEncoding = 4; lastKnownFileType = sourcecode.swift; path = AppDelegate.swift; sourceTree = "<group>"; };
		EBAE7016238FB39C0015EB01 /* SceneDelegate.swift */ = {isa = PBXFileReference; fileEncoding = 4; lastKnownFileType = sourcecode.swift; path = SceneDelegate.swift; sourceTree = "<group>"; };
		EBAE701C238FB3AD0015EB01 /* Base */ = {isa = PBXFileReference; lastKnownFileType = file.storyboard; name = Base; path = Base.lproj/LaunchScreen.storyboard; sourceTree = "<group>"; };
		EBAE701F238FB3AD0015EB01 /* Info.plist */ = {isa = PBXFileReference; fileEncoding = 4; lastKnownFileType = text.plist.xml; path = Info.plist; sourceTree = "<group>"; };
		EBAE7022238FB3AD0015EB01 /* Assets.xcassets */ = {isa = PBXFileReference; lastKnownFileType = folder.assetcatalog; path = Assets.xcassets; sourceTree = "<group>"; };
		EBAE7027238FB6EE0015EB01 /* UTabbarController.swift */ = {isa = PBXFileReference; lastKnownFileType = sourcecode.swift; path = UTabbarController.swift; sourceTree = "<group>"; };
		FDC8C3A0741479D32678EF08 /* Pods_U17.framework */ = {isa = PBXFileReference; explicitFileType = wrapper.framework; includeInIndex = 0; path = Pods_U17.framework; sourceTree = BUILT_PRODUCTS_DIR; };
/* End PBXFileReference section */

/* Begin PBXFrameworksBuildPhase section */
		EBAE6FFA238FB08F0015EB01 /* Frameworks */ = {
			isa = PBXFrameworksBuildPhase;
			buildActionMask = 2147483647;
			files = (
				AC5CE83F80F7359409C43B6C /* Pods_U17.framework in Frameworks */,
			);
			runOnlyForDeploymentPostprocessing = 0;
		};
/* End PBXFrameworksBuildPhase section */

/* Begin PBXGroup section */
		0288C297B06F6B5903BE0BE9 /* Pods */ = {
			isa = PBXGroup;
			children = (
				555427B6F6BD65F827604EB3 /* Pods-U17.debug.xcconfig */,
				342A88D6EB8175186AB37BF8 /* Pods-U17.release.xcconfig */,
			);
			name = Pods;
			path = Pods;
			sourceTree = "<group>";
		};
		EBAE6FF4238FB08F0015EB01 = {
			isa = PBXGroup;
			children = (
				EBAE6FFF238FB08F0015EB01 /* U17 */,
				EBAE6FFE238FB08F0015EB01 /* Products */,
				0288C297B06F6B5903BE0BE9 /* Pods */,
				FCC34CDCA79F15C920C0D678 /* Frameworks */,
			);
			sourceTree = "<group>";
		};
		EBAE6FFE238FB08F0015EB01 /* Products */ = {
			isa = PBXGroup;
			children = (
				EBAE6FFD238FB08F0015EB01 /* U17.app */,
			);
			name = Products;
			sourceTree = "<group>";
		};
		EBAE6FFF238FB08F0015EB01 /* U17 */ = {
			isa = PBXGroup;
			children = (
				EBAE7014238FB39C0015EB01 /* Appdelegate */,
				EBAE7019238FB3AD0015EB01 /* Base */,
				EBAE7020238FB3AD0015EB01 /* Module */,
				EBAE7021238FB3AD0015EB01 /* Resources */,
				EBAE701A238FB3AD0015EB01 /* Support Files */,
			);
			path = U17;
			sourceTree = "<group>";
		};
		EBAE7014238FB39C0015EB01 /* Appdelegate */ = {
			isa = PBXGroup;
			children = (
				EBAE7015238FB39C0015EB01 /* AppDelegate.swift */,
				EBAE7016238FB39C0015EB01 /* SceneDelegate.swift */,
			);
			path = Appdelegate;
			sourceTree = "<group>";
		};
		EBAE7019238FB3AD0015EB01 /* Base */ = {
			isa = PBXGroup;
			children = (
				EBAE7027238FB6EE0015EB01 /* UTabbarController.swift */,
			);
			path = Base;
			sourceTree = "<group>";
		};
		EBAE701A238FB3AD0015EB01 /* Support Files */ = {
			isa = PBXGroup;
			children = (
				EBAE701B238FB3AD0015EB01 /* LaunchScreen.storyboard */,
				EBAE701F238FB3AD0015EB01 /* Info.plist */,
			);
			path = "Support Files";
			sourceTree = "<group>";
		};
		EBAE7020238FB3AD0015EB01 /* Module */ = {
			isa = PBXGroup;
			children = (
			);
			path = Module;
			sourceTree = "<group>";
		};
		EBAE7021238FB3AD0015EB01 /* Resources */ = {
			isa = PBXGroup;
			children = (
				EBAE7022238FB3AD0015EB01 /* Assets.xcassets */,
			);
			path = Resources;
			sourceTree = "<group>";
		};
		FCC34CDCA79F15C920C0D678 /* Frameworks */ = {
			isa = PBXGroup;
			children = (
				FDC8C3A0741479D32678EF08 /* Pods_U17.framework */,
			);
			name = Frameworks;
			sourceTree = "<group>";
		};
/* End PBXGroup section */

/* Begin PBXNativeTarget section */
		EBAE6FFC238FB08F0015EB01 /* U17 */ = {
			isa = PBXNativeTarget;
			buildConfigurationList = EBAE7011238FB08F0015EB01 /* Build configuration list for PBXNativeTarget "U17" */;
			buildPhases = (
				65F208B3459403059D6B6016 /* [CP] Check Pods Manifest.lock */,
				EBAE6FF9238FB08F0015EB01 /* Sources */,
				EBAE6FFA238FB08F0015EB01 /* Frameworks */,
				EBAE6FFB238FB08F0015EB01 /* Resources */,
				85E2D20E4127BB9674173AA6 /* [CP] Embed Pods Frameworks */,
			);
			buildRules = (
			);
			dependencies = (
			);
			name = U17;
			productName = U17;
			productReference = EBAE6FFD238FB08F0015EB01 /* U17.app */;
			productType = "com.apple.product-type.application";
		};
/* End PBXNativeTarget section */

/* Begin PBXProject section */
		EBAE6FF5238FB08F0015EB01 /* Project object */ = {
			isa = PBXProject;
			attributes = {
				LastSwiftUpdateCheck = 1120;
				LastUpgradeCheck = 1120;
				ORGANIZATIONNAME = "邹俊";
				TargetAttributes = {
					EBAE6FFC238FB08F0015EB01 = {
						CreatedOnToolsVersion = 11.2;
					};
				};
			};
			buildConfigurationList = EBAE6FF8238FB08F0015EB01 /* Build configuration list for PBXProject "U17" */;
			compatibilityVersion = "Xcode 9.3";
			developmentRegion = en;
			hasScannedForEncodings = 0;
			knownRegions = (
				en,
				Base,
			);
			mainGroup = EBAE6FF4238FB08F0015EB01;
			productRefGroup = EBAE6FFE238FB08F0015EB01 /* Products */;
			projectDirPath = "";
			projectRoot = "";
			targets = (
				EBAE6FFC238FB08F0015EB01 /* U17 */,
			);
		};
/* End PBXProject section */

/* Begin PBXResourcesBuildPhase section */
		EBAE6FFB238FB08F0015EB01 /* Resources */ = {
			isa = PBXResourcesBuildPhase;
			buildActionMask = 2147483647;
			files = (
				EBAE7025238FB3AD0015EB01 /* Info.plist in Resources */,
				EBAE7023238FB3AD0015EB01 /* LaunchScreen.storyboard in Resources */,
				EBAE7026238FB3AD0015EB01 /* Assets.xcassets in Resources */,
			);
			runOnlyForDeploymentPostprocessing = 0;
		};
/* End PBXResourcesBuildPhase section */

/* Begin PBXShellScriptBuildPhase section */
		65F208B3459403059D6B6016 /* [CP] Check Pods Manifest.lock */ = {
			isa = PBXShellScriptBuildPhase;
			buildActionMask = 2147483647;
			files = (
			);
			inputFileListPaths = (
			);
			inputPaths = (
				"${PODS_PODFILE_DIR_PATH}/Podfile.lock",
				"${PODS_ROOT}/Manifest.lock",
			);
			name = "[CP] Check Pods Manifest.lock";
			outputFileListPaths = (
			);
			outputPaths = (
				"$(DERIVED_FILE_DIR)/Pods-U17-checkManifestLockResult.txt",
			);
			runOnlyForDeploymentPostprocessing = 0;
			shellPath = /bin/sh;
			shellScript = "diff \"${PODS_PODFILE_DIR_PATH}/Podfile.lock\" \"${PODS_ROOT}/Manifest.lock\" > /dev/null\nif [ $? != 0 ] ; then\n    # print error to STDERR\n    echo \"error: The sandbox is not in sync with the Podfile.lock. Run 'pod install' or update your CocoaPods installation.\" >&2\n    exit 1\nfi\n# This output is used by Xcode 'outputs' to avoid re-running this script phase.\necho \"SUCCESS\" > \"${SCRIPT_OUTPUT_FILE_0}\"\n";
			showEnvVarsInLog = 0;
		};
		85E2D20E4127BB9674173AA6 /* [CP] Embed Pods Frameworks */ = {
			isa = PBXShellScriptBuildPhase;
			buildActionMask = 2147483647;
			files = (
			);
			inputFileListPaths = (
				"${PODS_ROOT}/Target Support Files/Pods-U17/Pods-U17-frameworks-${CONFIGURATION}-input-files.xcfilelist",
			);
			name = "[CP] Embed Pods Frameworks";
			outputFileListPaths = (
				"${PODS_ROOT}/Target Support Files/Pods-U17/Pods-U17-frameworks-${CONFIGURATION}-output-files.xcfilelist",
			);
			runOnlyForDeploymentPostprocessing = 0;
			shellPath = /bin/sh;
			shellScript = "\"${PODS_ROOT}/Target Support Files/Pods-U17/Pods-U17-frameworks.sh\"\n";
			showEnvVarsInLog = 0;
		};
/* End PBXShellScriptBuildPhase section */

/* Begin PBXSourcesBuildPhase section */
		EBAE6FF9238FB08F0015EB01 /* Sources */ = {
			isa = PBXSourcesBuildPhase;
			buildActionMask = 2147483647;
			files = (
				EBAE7018238FB39C0015EB01 /* SceneDelegate.swift in Sources */,
				EBAE7017238FB39C0015EB01 /* AppDelegate.swift in Sources */,
				EBAE7028238FB6EE0015EB01 /* UTabbarController.swift in Sources */,
			);
			runOnlyForDeploymentPostprocessing = 0;
		};
/* End PBXSourcesBuildPhase section */

/* Begin PBXVariantGroup section */
		EBAE701B238FB3AD0015EB01 /* LaunchScreen.storyboard */ = {
			isa = PBXVariantGroup;
			children = (
				EBAE701C238FB3AD0015EB01 /* Base */,
			);
			name = LaunchScreen.storyboard;
			sourceTree = "<group>";
		};
/* End PBXVariantGroup section */

/* Begin XCBuildConfiguration section */
		EBAE700F238FB08F0015EB01 /* Debug */ = {
			isa = XCBuildConfiguration;
			buildSettings = {
				ALWAYS_SEARCH_USER_PATHS = NO;
				CLANG_ANALYZER_NONNULL = YES;
				CLANG_ANALYZER_NUMBER_OBJECT_CONVERSION = YES_AGGRESSIVE;
				CLANG_CXX_LANGUAGE_STANDARD = "gnu++14";
				CLANG_CXX_LIBRARY = "libc++";
				CLANG_ENABLE_MODULES = YES;
				CLANG_ENABLE_OBJC_ARC = YES;
				CLANG_ENABLE_OBJC_WEAK = YES;
				CLANG_WARN_BLOCK_CAPTURE_AUTORELEASING = YES;
				CLANG_WARN_BOOL_CONVERSION = YES;
				CLANG_WARN_COMMA = YES;
				CLANG_WARN_CONSTANT_CONVERSION = YES;
				CLANG_WARN_DEPRECATED_OBJC_IMPLEMENTATIONS = YES;
				CLANG_WARN_DIRECT_OBJC_ISA_USAGE = YES_ERROR;
				CLANG_WARN_DOCUMENTATION_COMMENTS = YES;
				CLANG_WARN_EMPTY_BODY = YES;
				CLANG_WARN_ENUM_CONVERSION = YES;
				CLANG_WARN_INFINITE_RECURSION = YES;
				CLANG_WARN_INT_CONVERSION = YES;
				CLANG_WARN_NON_LITERAL_NULL_CONVERSION = YES;
				CLANG_WARN_OBJC_IMPLICIT_RETAIN_SELF = YES;
				CLANG_WARN_OBJC_LITERAL_CONVERSION = YES;
				CLANG_WARN_OBJC_ROOT_CLASS = YES_ERROR;
				CLANG_WARN_RANGE_LOOP_ANALYSIS = YES;
				CLANG_WARN_STRICT_PROTOTYPES = YES;
				CLANG_WARN_SUSPICIOUS_MOVE = YES;
				CLANG_WARN_UNGUARDED_AVAILABILITY = YES_AGGRESSIVE;
				CLANG_WARN_UNREACHABLE_CODE = YES;
				CLANG_WARN__DUPLICATE_METHOD_MATCH = YES;
				COPY_PHASE_STRIP = NO;
				DEBUG_INFORMATION_FORMAT = dwarf;
				ENABLE_STRICT_OBJC_MSGSEND = YES;
				ENABLE_TESTABILITY = YES;
				GCC_C_LANGUAGE_STANDARD = gnu11;
				GCC_DYNAMIC_NO_PIC = NO;
				GCC_NO_COMMON_BLOCKS = YES;
				GCC_OPTIMIZATION_LEVEL = 0;
				GCC_PREPROCESSOR_DEFINITIONS = (
					"DEBUG=1",
					"$(inherited)",
				);
				GCC_WARN_64_TO_32_BIT_CONVERSION = YES;
				GCC_WARN_ABOUT_RETURN_TYPE = YES_ERROR;
				GCC_WARN_UNDECLARED_SELECTOR = YES;
				GCC_WARN_UNINITIALIZED_AUTOS = YES_AGGRESSIVE;
				GCC_WARN_UNUSED_FUNCTION = YES;
				GCC_WARN_UNUSED_VARIABLE = YES;
				IPHONEOS_DEPLOYMENT_TARGET = 13.2;
				MTL_ENABLE_DEBUG_INFO = INCLUDE_SOURCE;
				MTL_FAST_MATH = YES;
				ONLY_ACTIVE_ARCH = YES;
				SDKROOT = iphoneos;
				SWIFT_ACTIVE_COMPILATION_CONDITIONS = DEBUG;
				SWIFT_OPTIMIZATION_LEVEL = "-Onone";
			};
			name = Debug;
		};
		EBAE7010238FB08F0015EB01 /* Release */ = {
			isa = XCBuildConfiguration;
			buildSettings = {
				ALWAYS_SEARCH_USER_PATHS = NO;
				CLANG_ANALYZER_NONNULL = YES;
				CLANG_ANALYZER_NUMBER_OBJECT_CONVERSION = YES_AGGRESSIVE;
				CLANG_CXX_LANGUAGE_STANDARD = "gnu++14";
				CLANG_CXX_LIBRARY = "libc++";
				CLANG_ENABLE_MODULES = YES;
				CLANG_ENABLE_OBJC_ARC = YES;
				CLANG_ENABLE_OBJC_WEAK = YES;
				CLANG_WARN_BLOCK_CAPTURE_AUTORELEASING = YES;
				CLANG_WARN_BOOL_CONVERSION = YES;
				CLANG_WARN_COMMA = YES;
				CLANG_WARN_CONSTANT_CONVERSION = YES;
				CLANG_WARN_DEPRECATED_OBJC_IMPLEMENTATIONS = YES;
				CLANG_WARN_DIRECT_OBJC_ISA_USAGE = YES_ERROR;
				CLANG_WARN_DOCUMENTATION_COMMENTS = YES;
				CLANG_WARN_EMPTY_BODY = YES;
				CLANG_WARN_ENUM_CONVERSION = YES;
				CLANG_WARN_INFINITE_RECURSION = YES;
				CLANG_WARN_INT_CONVERSION = YES;
				CLANG_WARN_NON_LITERAL_NULL_CONVERSION = YES;
				CLANG_WARN_OBJC_IMPLICIT_RETAIN_SELF = YES;
				CLANG_WARN_OBJC_LITERAL_CONVERSION = YES;
				CLANG_WARN_OBJC_ROOT_CLASS = YES_ERROR;
				CLANG_WARN_RANGE_LOOP_ANALYSIS = YES;
				CLANG_WARN_STRICT_PROTOTYPES = YES;
				CLANG_WARN_SUSPICIOUS_MOVE = YES;
				CLANG_WARN_UNGUARDED_AVAILABILITY = YES_AGGRESSIVE;
				CLANG_WARN_UNREACHABLE_CODE = YES;
				CLANG_WARN__DUPLICATE_METHOD_MATCH = YES;
				COPY_PHASE_STRIP = NO;
				DEBUG_INFORMATION_FORMAT = "dwarf-with-dsym";
				ENABLE_NS_ASSERTIONS = NO;
				ENABLE_STRICT_OBJC_MSGSEND = YES;
				GCC_C_LANGUAGE_STANDARD = gnu11;
				GCC_NO_COMMON_BLOCKS = YES;
				GCC_WARN_64_TO_32_BIT_CONVERSION = YES;
				GCC_WARN_ABOUT_RETURN_TYPE = YES_ERROR;
				GCC_WARN_UNDECLARED_SELECTOR = YES;
				GCC_WARN_UNINITIALIZED_AUTOS = YES_AGGRESSIVE;
				GCC_WARN_UNUSED_FUNCTION = YES;
				GCC_WARN_UNUSED_VARIABLE = YES;
				IPHONEOS_DEPLOYMENT_TARGET = 13.2;
				MTL_ENABLE_DEBUG_INFO = NO;
				MTL_FAST_MATH = YES;
				SDKROOT = iphoneos;
				SWIFT_COMPILATION_MODE = wholemodule;
				SWIFT_OPTIMIZATION_LEVEL = "-O";
				VALIDATE_PRODUCT = YES;
			};
			name = Release;
		};
		EBAE7012238FB08F0015EB01 /* Debug */ = {
			isa = XCBuildConfiguration;
			baseConfigurationReference = 555427B6F6BD65F827604EB3 /* Pods-U17.debug.xcconfig */;
			buildSettings = {
				ASSETCATALOG_COMPILER_APPICON_NAME = AppIcon;
				CODE_SIGN_STYLE = Manual;
				DEVELOPMENT_TEAM = "";
				INFOPLIST_FILE = "U17/Support Files/Info.plist";
				LD_RUNPATH_SEARCH_PATHS = (
					"$(inherited)",
					"@executable_path/Frameworks",
				);
				PRODUCT_BUNDLE_IDENTIFIER = com.jojo.U17;
				PRODUCT_NAME = "$(TARGET_NAME)";
				PROVISIONING_PROFILE_SPECIFIER = "";
				SWIFT_VERSION = 5.0;
				TARGETED_DEVICE_FAMILY = "1,2";
			};
			name = Debug;
		};
		EBAE7013238FB08F0015EB01 /* Release */ = {
			isa = XCBuildConfiguration;
			baseConfigurationReference = 342A88D6EB8175186AB37BF8 /* Pods-U17.release.xcconfig */;
			buildSettings = {
				ASSETCATALOG_COMPILER_APPICON_NAME = AppIcon;
				CODE_SIGN_STYLE = Manual;
				DEVELOPMENT_TEAM = "";
				INFOPLIST_FILE = "U17/Support Files/Info.plist";
				LD_RUNPATH_SEARCH_PATHS = (
					"$(inherited)",
					"@executable_path/Frameworks",
				);
				PRODUCT_BUNDLE_IDENTIFIER = com.jojo.U17;
				PRODUCT_NAME = "$(TARGET_NAME)";
				PROVISIONING_PROFILE_SPECIFIER = "";
				SWIFT_VERSION = 5.0;
				TARGETED_DEVICE_FAMILY = "1,2";
			};
			name = Release;
		};
/* End XCBuildConfiguration section */

/* Begin XCConfigurationList section */
		EBAE6FF8238FB08F0015EB01 /* Build configuration list for PBXProject "U17" */ = {
			isa = XCConfigurationList;
			buildConfigurations = (
				EBAE700F238FB08F0015EB01 /* Debug */,
				EBAE7010238FB08F0015EB01 /* Release */,
			);
			defaultConfigurationIsVisible = 0;
			defaultConfigurationName = Release;
		};
		EBAE7011238FB08F0015EB01 /* Build configuration list for PBXNativeTarget "U17" */ = {
			isa = XCConfigurationList;
			buildConfigurations = (
				EBAE7012238FB08F0015EB01 /* Debug */,
				EBAE7013238FB08F0015EB01 /* Release */,
			);
			defaultConfigurationIsVisible = 0;
			defaultConfigurationName = Release;
		};
/* End XCConfigurationList section */
	};
	rootObject = EBAE6FF5238FB08F0015EB01 /* Project object */;
}
